
Microsoft Visual Studio Solution File, Format Version 12.00
# Visual Studio Version 17
VisualStudioVersion = 17.1.32210.238
MinimumVisualStudioVersion = 10.0.40219.1
Project("{9A19103F-16F7-4668-BE54-9A1E7A4F7556}") = "eTicketsShop", "eTicketsShop\eTicketsShop.csproj", "{5D0E5D58-73E5-4F6E-BC3B-196C1EE6718C}"
EndProject
Global
	GlobalSection(SolutionConfigurationPlatforms) = preSolution
		Debug|Any CPU = Debug|Any CPU
		Release|Any CPU = Release|Any CPU
	EndGlobalSection
	GlobalSection(ProjectConfigurationPlatforms) = postSolution
		{5D0E5D58-73E5-4F6E-BC3B-196C1EE6718C}.Debug|Any CPU.ActiveCfg = Debug|Any CPU
		{5D0E5D58-73E5-4F6E-BC3B-196C1EE6718C}.Debug|Any CPU.Build.0 = Debug|Any CPU
		{5D0E5D58-73E5-4F6E-BC3B-196C1EE6718C}.Release|Any CPU.ActiveCfg = Release|Any CPU
		{5D0E5D58-73E5-4F6E-BC3B-196C1EE6718C}.Release|Any CPU.Build.0 = Release|Any CPU
	EndGlobalSection
	GlobalSection(SolutionProperties) = preSolution
		HideSolutionNode = FALSE
	EndGlobalSection
	GlobalSection(ExtensibilityGlobals) = postSolution
		SolutionGuid = {34D05B40-F60D-4784-9F6E-2705A73E0A9D}
	EndGlobalSection
EndGlobal
